
Microsoft Visual Studio Solution File, Format Version 12.00
# Visual Studio Version 17
VisualStudioVersion = 17.4.33103.184
MinimumVisualStudioVersion = 10.0.40219.1
Project("{FAE04EC0-301F-11D3-BF4B-00C04F79EFBC}") = "OOO_StroiMaterial", "OOO_StroiMaterial\OOO_StroiMaterial.csproj", "{75BB995E-9C33-4B3E-B73F-786E87026823}"
EndProject
Global
	GlobalSection(SolutionConfigurationPlatforms) = preSolution
		Debug|Any CPU = Debug|Any CPU
		Release|Any CPU = Release|Any CPU
	EndGlobalSection
	GlobalSection(ProjectConfigurationPlatforms) = postSolution
		{75BB995E-9C33-4B3E-B73F-786E87026823}.Debug|Any CPU.ActiveCfg = Debug|Any CPU
		{75BB995E-9C33-4B3E-B73F-786E87026823}.Debug|Any CPU.Build.0 = Debug|Any CPU
		{75BB995E-9C33-4B3E-B73F-786E87026823}.Release|Any CPU.ActiveCfg = Release|Any CPU
		{75BB995E-9C33-4B3E-B73F-786E87026823}.Release|Any CPU.Build.0 = Release|Any CPU
	EndGlobalSection
	GlobalSection(SolutionProperties) = preSolution
		HideSolutionNode = FALSE
	EndGlobalSection
	GlobalSection(ExtensibilityGlobals) = postSolution
		SolutionGuid = {36FB24D9-B3B5-4E07-A2FD-99D5D670E391}
	EndGlobalSection
EndGlobal
